
Microsoft Visual Studio Solution File, Format Version 12.00
# Visual Studio Version 17
VisualStudioVersion = 17.11.35222.181
MinimumVisualStudioVersion = 10.0.40219.1
Project("{FAE04EC0-301F-11D3-BF4B-00C04F79EFBC}") = "unit 2 all program", "unit 2 all program.csproj", "{AD18D0DC-E90E-4FE4-9674-DA39CE61107A}"
EndProject
Global
	GlobalSection(SolutionConfigurationPlatforms) = preSolution
		Debug|Any CPU = Debug|Any CPU
		Release|Any CPU = Release|Any CPU
	EndGlobalSection
	GlobalSection(ProjectConfigurationPlatforms) = postSolution
		{AD18D0DC-E90E-4FE4-9674-DA39CE61107A}.Debug|Any CPU.ActiveCfg = Debug|Any CPU
		{AD18D0DC-E90E-4FE4-9674-DA39CE61107A}.Debug|Any CPU.Build.0 = Debug|Any CPU
		{AD18D0DC-E90E-4FE4-9674-DA39CE61107A}.Release|Any CPU.ActiveCfg = Release|Any CPU
		{AD18D0DC-E90E-4FE4-9674-DA39CE61107A}.Release|Any CPU.Build.0 = Release|Any CPU
	EndGlobalSection
	GlobalSection(SolutionProperties) = preSolution
		HideSolutionNode = FALSE
	EndGlobalSection
	GlobalSection(ExtensibilityGlobals) = postSolution
		SolutionGuid = {0193E669-3304-477C-A304-A515C7AACFDF}
	EndGlobalSection
EndGlobal
